{
    "hash": "eae482a00ed61e7e5319b8bd69be3ca7",
    "packages": [
        {
            "package": "doctrine/common",
            "version": "2.2.2"
        },
        {
            "package": "doctrine/dbal",
            "version": "2.2.2"
        },
        {
            "package": "doctrine/orm",
            "version": "2.2.2"
        },
        {
            "package": "symfony/http-foundation",
            "version": "2.0.x-dev",
            "source-reference": "76984426c5f33a1fa079671bab5fb314b7d0b774"
        }
    ],
    "packages-dev": null,
    "aliases": [

    ],
    "minimum-stability": "dev",
    "stability-flags": [

    ]
}
